cloud.google.com/go/longrunning v0.5.12 h1:5LqSIdERr71CqfUsFlJdBpOkBH8FBCFD7P1nTWy3TYE=
cloud.google.com/go/longrunning v0.5.12/go.mod h1:S5hMV8CDJ6r50t2ubVJSKQVv5u0rmik5//KgLO3k4lU=
github.com/creack/pty v1.1.9/go.mod h1:oKZEueFk5CKHvIhNR5MUki03XCEU+Q6VDXinZuGJ33E=
github.com/distribution/distribution v2.8.3+incompatible h1:RlpEXBLq/WPXYvBYMDAmBX/SnhD67qwtvW/DzKc8pAo=
github.com/distribution/distribution v2.8.3+incompatible/go.mod h1:EgLm2NgWtdKgzF9NpMzUKgzmR7AMmb0VQi2B+ZzDRjc=
github.com/frankban/quicktest v1.14.6 h1:7Xjx+VpznH+oBnejlPUj8oUpdxnVs4f8XU8WnHkI4W8=
github.com/frankban/quicktest v1.14.6/go.mod h1:4ptaffx2x8+WTWXmUCuVU6aPUX1/Mz7zb5vbUoiM6w0=
github.com/google/go-cmp v0.5.9/go.mod h1:17dUlkBOakJ0+DkrSSNjCkIjxS6bF9zb3elmeNGIjoY=
github.com/google/go-cmp v0.6.0 h1:ofyhxvXcZhMsU5ulbFiLKl/XBFqE1GSq7atu8tAmTRI=
github.com/google/go-cmp v0.6.0/go.mod h1:17dUlkBOakJ0+DkrSSNjCkIjxS6bF9zb3elmeNGIjoY=
github.com/grpc-ecosystem/grpc-gateway/v2 v2.20.0 h1:bkypFPDjIYGfCYD5mRBvpqxfYX1YCS1PXdKYWi8FsN0=
github.com/grpc-ecosystem/grpc-gateway/v2 v2.20.0/go.mod h1:P+Lt/0by1T8bfcF3z737NnSbmxQAppXMRziHUxPOC8k=
github.com/instill-ai/protogen-go v0.3.3-alpha.0.20241024152819-5ed9f53b5c8a h1:FAj25JbB8CUfUbyPAj1PupoFHo9sW5kffjQyVjkXDg4=
github.com/instill-ai/protogen-go v0.3.3-alpha.0.20241024152819-5ed9f53b5c8a/go.mod h1:rf0UY7VpEgpaLudYEcjx5rnbuwlBaaLyD4FQmWLtgAY=
github.com/kr/pretty v0.3.1 h1:flRD4NNwYAUpkphVc1HcthR4KEIFJ65n8Mw5qdRn3LE=
github.com/kr/pretty v0.3.1/go.mod h1:hoEshYVHaxMs3cyo3Yncou5ZscifuDolrwPKZanG3xk=
github.com/kr/text v0.2.0 h1:5Nx0Ya0ZqY2ygV366QzturHI13Jq95ApcVaJBhpS+AY=
github.com/kr/text v0.2.0/go.mod h1:eLer722TekiGuMkidMxC/pM04lWEeraHUUmBw8l2grE=
github.com/luraproject/lura/v2 v2.9.0 h1:JeqlrUz0wM4ITVHOtEaFJ5sS6TW25/lTDmMCsQUY44U=
github.com/luraproject/lura/v2 v2.9.0/go.mod h1:pJQDsCSSrE5udlzkLvUnFkdrqeQ+jDO1ZIzsx6jgLtk=
github.com/pkg/diff v0.0.0-20210226163009-20ebb0f2a09e/go.mod h1:pJLUxLENpZxwdsKMEsNbx1VGcRFpLqf3715MtcvvzbA=
github.com/rogpeppe/go-internal v1.9.0/go.mod h1:WtVeX8xhTBvf0smdhujwtBcq4Qrzq/fJaraNFVN+nFs=
github.com/rogpeppe/go-internal v1.12.0 h1:exVL4IDcn6na9z1rAb56Vxr+CgyK3nn3O+epU5NdKM8=
github.com/rogpeppe/go-internal v1.12.0/go.mod h1:E+RYuTGaKKdloAfM02xzb0FW3Paa99yedzYV+kq4uf4=
golang.org/x/net v0.33.0 h1:74SYHlV8BIgHIFC/LrYkOGIwL19eTYXQ5wc6TBuO36I=
golang.org/x/net v0.33.0/go.mod h1:HXLR5J+9DxmrqMwG9qjGCxZ+zKXxBru04zlTvWlWuN4=
golang.org/x/sys v0.29.0 h1:TPYlXGxvx1MGTn2GiZDhnjPA9wZzZeGKHHmKhHYvgaU=
golang.org/x/sys v0.29.0/go.mod h1:/VUhepiaJMQUp4+oa/7Zr1D23ma6VTLIYjOOTFZPUcA=
golang.org/x/text v0.21.0 h1:zyQAAkrwaneQ066sspRyJaG9VNi/YJ1NfzcGB3hZ/qo=
golang.org/x/text v0.21.0/go.mod h1:4IBbMaMmOPCJ8SecivzSH54+73PCFmPWxNTLm+vZkEQ=
google.golang.org/genproto/googleapis/api v0.0.0-20240812133136-8ffd90a71988 h1:+/tmTy5zAieooKIXfzDm9KiA3Bv6JBwriRN9LY+yayk=
google.golang.org/genproto/googleapis/api v0.0.0-20240812133136-8ffd90a71988/go.mod h1:4+X6GvPs+25wZKbQq9qyAXrwIRExv7w0Ea6MgZLZiDM=
google.golang.org/genproto/googleapis/rpc v0.0.0-20240812133136-8ffd90a71988 h1:V71AcdLZr2p8dC9dbOIMCpqi4EmRl8wUwnJzXXLmbmc=
google.golang.org/genproto/googleapis/rpc v0.0.0-20240812133136-8ffd90a71988/go.mod h1:Ue6ibwXGpU+dqIcODieyLOcgj7z8+IcskoNIgZxtrFY=
google.golang.org/grpc v1.66.0 h1:DibZuoBznOxbDQxRINckZcUvnCEvrW9pcWIE2yF9r1c=
google.golang.org/grpc v1.66.0/go.mod h1:s3/l6xSSCURdVfAnL+TqCNMyTDAGN6+lZeVxnZR128Y=
google.golang.org/protobuf v1.36.3 h1:82DV7MYdb8anAVi3qge1wSnMDrnKK7ebr+I0hHRN1BU=
google.golang.org/protobuf v1.36.3/go.mod h1:9fA7Ob0pmnwhb644+1+CVWFRbNajQ6iRojtC/QF5bRE=
